// !$*UTF8*$!
{
	archiveVersion = 1;
	classes = {
	};
	objectVersion = 50;
	objects = {

/* Begin PBXBuildFile section */
		1E2570DF24814EDB0041EA1A /* ComingToBrazil.m4a in Resources */ = {isa = PBXBuildFile; fileRef = 1E2570DD24814DD10041EA1A /* ComingToBrazil.m4a */; };
		1E2570E024814EDB0041EA1A /* FoodBrazil.m4a in Resources */ = {isa = PBXBuildFile; fileRef = 1E2570DE24814DD10041EA1A /* FoodBrazil.m4a */; };
		1E2570E124814EDB0041EA1A /* OandA.m4a in Resources */ = {isa = PBXBuildFile; fileRef = 1E2570DC24814DD10041EA1A /* OandA.m4a */; };
		1EA5941B24773BF3007FCBE7 /* AppDelegate.swift in Sources */ = {isa = PBXBuildFile; fileRef = 1EA5941A24773BF3007FCBE7 /* AppDelegate.swift */; };
		1EA5941D24773BF3007FCBE7 /* SceneDelegate.swift in Sources */ = {isa = PBXBuildFile; fileRef = 1EA5941C24773BF3007FCBE7 /* SceneDelegate.swift */; };
		1EA5941F24773BF3007FCBE7 /* ViewController.swift in Sources */ = {isa = PBXBuildFile; fileRef = 1EA5941E24773BF3007FCBE7 /* ViewController.swift */; };
		1EA5942224773BF3007FCBE7 /* Main.storyboard in Resources */ = {isa = PBXBuildFile; fileRef = 1EA5942024773BF3007FCBE7 /* Main.storyboard */; };
		1EA5942424773BF4007FCBE7 /* Assets.xcassets in Resources */ = {isa = PBXBuildFile; fileRef = 1EA5942324773BF4007FCBE7 /* Assets.xcassets */; };
		1EA5942724773BF4007FCBE7 /* LaunchScreen.storyboard in Resources */ = {isa = PBXBuildFile; fileRef = 1EA5942524773BF4007FCBE7 /* LaunchScreen.storyboard */; };
		1EC6A989247A029900713CA8 /* Ditado.swift in Sources */ = {isa = PBXBuildFile; fileRef = 1EC6A988247A029900713CA8 /* Ditado.swift */; };
		1EC6A98B247A041100713CA8 /* Audio.swift in Sources */ = {isa = PBXBuildFile; fileRef = 1EC6A98A247A041100713CA8 /* Audio.swift */; };
		2256F4682479FAFA0063A47A /* ButtonHome.swift in Sources */ = {isa = PBXBuildFile; fileRef = 2256F4672479FAFA0063A47A /* ButtonHome.swift */; };
		2256F470247A0C010063A47A /* DitadoTableViewCell.swift in Sources */ = {isa = PBXBuildFile; fileRef = 2256F46E247A0C010063A47A /* DitadoTableViewCell.swift */; };
		2256F471247A0C010063A47A /* DitadoTableViewCell.xib in Resources */ = {isa = PBXBuildFile; fileRef = 2256F46F247A0C010063A47A /* DitadoTableViewCell.xib */; };
		2256F474247A0C780063A47A /* DitadoTableViewController.swift in Sources */ = {isa = PBXBuildFile; fileRef = 2256F472247A0C780063A47A /* DitadoTableViewController.swift */; };
		2256F475247A0C780063A47A /* DitadoTableViewController.xib in Resources */ = {isa = PBXBuildFile; fileRef = 2256F473247A0C780063A47A /* DitadoTableViewController.xib */; };
		3225D402247E0D1200EF1188 /* VoiceExerciseViewController.swift in Sources */ = {isa = PBXBuildFile; fileRef = 3225D400247E0D1100EF1188 /* VoiceExerciseViewController.swift */; };
		3225D403247E0D1200EF1188 /* VoiceExerciseViewController.xib in Resources */ = {isa = PBXBuildFile; fileRef = 3225D401247E0D1100EF1188 /* VoiceExerciseViewController.xib */; };
		328223F12478984E008429F0 /* HomeViewController.swift in Sources */ = {isa = PBXBuildFile; fileRef = 328223EF2478984E008429F0 /* HomeViewController.swift */; };
		328223F22478984E008429F0 /* HomeViewController.xib in Resources */ = {isa = PBXBuildFile; fileRef = 328223F02478984E008429F0 /* HomeViewController.xib */; };
		C05DB454247DF6BE006AB7DC /* ARSessionViewController.swift in Sources */ = {isa = PBXBuildFile; fileRef = C05DB452247DF6BE006AB7DC /* ARSessionViewController.swift */; };
		C05DB455247DF6BE006AB7DC /* ARSessionViewController.xib in Resources */ = {isa = PBXBuildFile; fileRef = C05DB453247DF6BE006AB7DC /* ARSessionViewController.xib */; };
		C05DB457247DF78E006AB7DC /* Porting.rcproject in Sources */ = {isa = PBXBuildFile; fileRef = C05DB456247DF78E006AB7DC /* Porting.rcproject */; };
		328223F52478A981008429F0 /* SelectionView.swift in Sources */ = {isa = PBXBuildFile; fileRef = 328223F42478A981008429F0 /* SelectionView.swift */; };
		328223F92478AC72008429F0 /* ExerciseViewController.swift in Sources */ = {isa = PBXBuildFile; fileRef = 328223F72478AC72008429F0 /* ExerciseViewController.swift */; };
		328223FA2478AC72008429F0 /* ExerciseViewController.xib in Resources */ = {isa = PBXBuildFile; fileRef = 328223F82478AC72008429F0 /* ExerciseViewController.xib */; };
		328223FC2478B7EA008429F0 /* SelectionView.xib in Resources */ = {isa = PBXBuildFile; fileRef = 328223FB2478B7EA008429F0 /* SelectionView.xib */; };
		32AE453E248140D600E1043C /* AudioPlayer.swift in Sources */ = {isa = PBXBuildFile; fileRef = 32AE453D248140D600E1043C /* AudioPlayer.swift */; };
/* End PBXBuildFile section */

/* Begin PBXFileReference section */
		1E2570DC24814DD10041EA1A /* OandA.m4a */ = {isa = PBXFileReference; lastKnownFileType = file; path = OandA.m4a; sourceTree = "<group>"; };
		1E2570DD24814DD10041EA1A /* ComingToBrazil.m4a */ = {isa = PBXFileReference; lastKnownFileType = file; path = ComingToBrazil.m4a; sourceTree = "<group>"; };
		1E2570DE24814DD10041EA1A /* FoodBrazil.m4a */ = {isa = PBXFileReference; lastKnownFileType = file; path = FoodBrazil.m4a; sourceTree = "<group>"; };
		1EA5941724773BF2007FCBE7 /* Porting.app */ = {isa = PBXFileReference; explicitFileType = wrapper.application; includeInIndex = 0; path = Porting.app; sourceTree = BUILT_PRODUCTS_DIR; };
		1EA5941A24773BF3007FCBE7 /* AppDelegate.swift */ = {isa = PBXFileReference; lastKnownFileType = sourcecode.swift; path = AppDelegate.swift; sourceTree = "<group>"; };
		1EA5941C24773BF3007FCBE7 /* SceneDelegate.swift */ = {isa = PBXFileReference; lastKnownFileType = sourcecode.swift; path = SceneDelegate.swift; sourceTree = "<group>"; };
		1EA5941E24773BF3007FCBE7 /* ViewController.swift */ = {isa = PBXFileReference; lastKnownFileType = sourcecode.swift; path = ViewController.swift; sourceTree = "<group>"; };
		1EA5942124773BF3007FCBE7 /* Base */ = {isa = PBXFileReference; lastKnownFileType = file.storyboard; name = Base; path = Base.lproj/Main.storyboard; sourceTree = "<group>"; };
		1EA5942324773BF4007FCBE7 /* Assets.xcassets */ = {isa = PBXFileReference; lastKnownFileType = folder.assetcatalog; path = Assets.xcassets; sourceTree = "<group>"; };
		1EA5942624773BF4007FCBE7 /* Base */ = {isa = PBXFileReference; lastKnownFileType = file.storyboard; name = Base; path = Base.lproj/LaunchScreen.storyboard; sourceTree = "<group>"; };
		1EA5942824773BF4007FCBE7 /* Info.plist */ = {isa = PBXFileReference; lastKnownFileType = text.plist.xml; path = Info.plist; sourceTree = "<group>"; };
		1EC6A988247A029900713CA8 /* Ditado.swift */ = {isa = PBXFileReference; lastKnownFileType = sourcecode.swift; path = Ditado.swift; sourceTree = "<group>"; };
		1EC6A98A247A041100713CA8 /* Audio.swift */ = {isa = PBXFileReference; lastKnownFileType = sourcecode.swift; path = Audio.swift; sourceTree = "<group>"; };
		2256F4672479FAFA0063A47A /* ButtonHome.swift */ = {isa = PBXFileReference; lastKnownFileType = sourcecode.swift; path = ButtonHome.swift; sourceTree = "<group>"; };
		2256F46E247A0C010063A47A /* DitadoTableViewCell.swift */ = {isa = PBXFileReference; lastKnownFileType = sourcecode.swift; path = DitadoTableViewCell.swift; sourceTree = "<group>"; };
		2256F46F247A0C010063A47A /* DitadoTableViewCell.xib */ = {isa = PBXFileReference; lastKnownFileType = file.xib; path = DitadoTableViewCell.xib; sourceTree = "<group>"; };
		2256F472247A0C780063A47A /* DitadoTableViewController.swift */ = {isa = PBXFileReference; lastKnownFileType = sourcecode.swift; path = DitadoTableViewController.swift; sourceTree = "<group>"; };
		2256F473247A0C780063A47A /* DitadoTableViewController.xib */ = {isa = PBXFileReference; lastKnownFileType = file.xib; path = DitadoTableViewController.xib; sourceTree = "<group>"; };
		3225D400247E0D1100EF1188 /* VoiceExerciseViewController.swift */ = {isa = PBXFileReference; lastKnownFileType = sourcecode.swift; path = VoiceExerciseViewController.swift; sourceTree = "<group>"; };
		3225D401247E0D1100EF1188 /* VoiceExerciseViewController.xib */ = {isa = PBXFileReference; lastKnownFileType = file.xib; path = VoiceExerciseViewController.xib; sourceTree = "<group>"; };
		328223EF2478984E008429F0 /* HomeViewController.swift */ = {isa = PBXFileReference; lastKnownFileType = sourcecode.swift; path = HomeViewController.swift; sourceTree = "<group>"; };
		328223F02478984E008429F0 /* HomeViewController.xib */ = {isa = PBXFileReference; lastKnownFileType = file.xib; path = HomeViewController.xib; sourceTree = "<group>"; };
		C05DB452247DF6BE006AB7DC /* ARSessionViewController.swift */ = {isa = PBXFileReference; lastKnownFileType = sourcecode.swift; path = ARSessionViewController.swift; sourceTree = "<group>"; };
		C05DB453247DF6BE006AB7DC /* ARSessionViewController.xib */ = {isa = PBXFileReference; lastKnownFileType = file.xib; path = ARSessionViewController.xib; sourceTree = "<group>"; };
		C05DB456247DF78E006AB7DC /* Porting.rcproject */ = {isa = PBXFileReference; lastKnownFileType = file.rcproject; path = Porting.rcproject; sourceTree = "<group>"; };
		328223F42478A981008429F0 /* SelectionView.swift */ = {isa = PBXFileReference; lastKnownFileType = sourcecode.swift; path = SelectionView.swift; sourceTree = "<group>"; };
		328223F72478AC72008429F0 /* ExerciseViewController.swift */ = {isa = PBXFileReference; lastKnownFileType = sourcecode.swift; path = ExerciseViewController.swift; sourceTree = "<group>"; };
		328223F82478AC72008429F0 /* ExerciseViewController.xib */ = {isa = PBXFileReference; lastKnownFileType = file.xib; path = ExerciseViewController.xib; sourceTree = "<group>"; };
		328223FB2478B7EA008429F0 /* SelectionView.xib */ = {isa = PBXFileReference; lastKnownFileType = file.xib; path = SelectionView.xib; sourceTree = "<group>"; };
		32AE453D248140D600E1043C /* AudioPlayer.swift */ = {isa = PBXFileReference; lastKnownFileType = sourcecode.swift; path = AudioPlayer.swift; sourceTree = "<group>"; };
/* End PBXFileReference section */

/* Begin PBXFrameworksBuildPhase section */
		1EA5941424773BF2007FCBE7 /* Frameworks */ = {
			isa = PBXFrameworksBuildPhase;
			buildActionMask = 2147483647;
			files = (
			);
			runOnlyForDeploymentPostprocessing = 0;
		};
/* End PBXFrameworksBuildPhase section */

/* Begin PBXGroup section */
		1EA5940E24773BF2007FCBE7 = {
			isa = PBXGroup;
			children = (
				1EA5941924773BF2007FCBE7 /* Porting */,
				1EA5941824773BF2007FCBE7 /* Products */,
			);
			sourceTree = "<group>";
		};
		1EA5941824773BF2007FCBE7 /* Products */ = {
			isa = PBXGroup;
			children = (
				1EA5941724773BF2007FCBE7 /* Porting.app */,
			);
			name = Products;
			sourceTree = "<group>";
		};
		1EA5941924773BF2007FCBE7 /* Porting */ = {
			isa = PBXGroup;
			children = (
				C05DB451247DF60F006AB7DC /* AR */,
				32AE453F2481495200E1043C /* AudioFiles */,
				3225D3FF247E0CF200EF1188 /* VoiceExercise */,
				2256F469247A0B450063A47A /* Ditados */,
				328223F62478AC58008429F0 /* Exercise */,
				328223F32478A94A008429F0 /* Selection */,
				328223EE24789835008429F0 /* Home */,
				1EA5941A24773BF3007FCBE7 /* AppDelegate.swift */,
				1EA5941C24773BF3007FCBE7 /* SceneDelegate.swift */,
				1EA5941E24773BF3007FCBE7 /* ViewController.swift */,
				1EA5942024773BF3007FCBE7 /* Main.storyboard */,
				1EA5942324773BF4007FCBE7 /* Assets.xcassets */,
				1EA5942524773BF4007FCBE7 /* LaunchScreen.storyboard */,
				1EA5942824773BF4007FCBE7 /* Info.plist */,
				1EC6A988247A029900713CA8 /* Ditado.swift */,
				1EC6A98A247A041100713CA8 /* Audio.swift */,
				32AE453D248140D600E1043C /* AudioPlayer.swift */,
			);
			path = Porting;
			sourceTree = "<group>";
		};
		2256F469247A0B450063A47A /* Ditados */ = {
			isa = PBXGroup;
			children = (
				2256F46E247A0C010063A47A /* DitadoTableViewCell.swift */,
				2256F46F247A0C010063A47A /* DitadoTableViewCell.xib */,
				2256F472247A0C780063A47A /* DitadoTableViewController.swift */,
				2256F473247A0C780063A47A /* DitadoTableViewController.xib */,
			);
			path = Ditados;
			sourceTree = "<group>";
		};
		3225D3FF247E0CF200EF1188 /* VoiceExercise */ = {
			isa = PBXGroup;
			children = (
				3225D400247E0D1100EF1188 /* VoiceExerciseViewController.swift */,
				3225D401247E0D1100EF1188 /* VoiceExerciseViewController.xib */,
			);
			path = VoiceExercise;
			sourceTree = "<group>";
		};
		328223EE24789835008429F0 /* Home */ = {
			isa = PBXGroup;
			children = (
				328223EF2478984E008429F0 /* HomeViewController.swift */,
				328223F02478984E008429F0 /* HomeViewController.xib */,
				2256F4672479FAFA0063A47A /* ButtonHome.swift */,
			);
			path = Home;
			sourceTree = "<group>";
		};
		C05DB451247DF60F006AB7DC /* AR */ = {
			isa = PBXGroup;
			children = (
				C05DB456247DF78E006AB7DC /* Porting.rcproject */,
				C05DB452247DF6BE006AB7DC /* ARSessionViewController.swift */,
				C05DB453247DF6BE006AB7DC /* ARSessionViewController.xib */,
			);
			path = AR;
        };
		328223F32478A94A008429F0 /* Selection */ = {
			isa = PBXGroup;
			children = (
				328223F42478A981008429F0 /* SelectionView.swift */,
				328223FB2478B7EA008429F0 /* SelectionView.xib */,
			);
			path = Selection;
			sourceTree = "<group>";
		};
		328223F62478AC58008429F0 /* Exercise */ = {
			isa = PBXGroup;
			children = (
				328223F72478AC72008429F0 /* ExerciseViewController.swift */,
				328223F82478AC72008429F0 /* ExerciseViewController.xib */,
			);
			path = Exercise;
			sourceTree = "<group>";
		};
		32AE453F2481495200E1043C /* AudioFiles */ = {
			isa = PBXGroup;
			children = (
				1E2570DD24814DD10041EA1A /* ComingToBrazil.m4a */,
				1E2570DE24814DD10041EA1A /* FoodBrazil.m4a */,
				1E2570DC24814DD10041EA1A /* OandA.m4a */,
			);
			path = AudioFiles;
			sourceTree = "<group>";
		};
/* End PBXGroup section */

/* Begin PBXNativeTarget section */
		1EA5941624773BF2007FCBE7 /* Porting */ = {
			isa = PBXNativeTarget;
			buildConfigurationList = 1EA5942B24773BF5007FCBE7 /* Build configuration list for PBXNativeTarget "Porting" */;
			buildPhases = (
				1EA5941324773BF2007FCBE7 /* Sources */,
				1EA5941424773BF2007FCBE7 /* Frameworks */,
				1EA5941524773BF2007FCBE7 /* Resources */,
			);
			buildRules = (
			);
			dependencies = (
			);
			name = Porting;
			productName = Porting;
			productReference = 1EA5941724773BF2007FCBE7 /* Porting.app */;
			productType = "com.apple.product-type.application";
		};
/* End PBXNativeTarget section */

/* Begin PBXProject section */
		1EA5940F24773BF2007FCBE7 /* Project object */ = {
			isa = PBXProject;
			attributes = {
				LastSwiftUpdateCheck = 1150;
				LastUpgradeCheck = 1150;
				ORGANIZATIONNAME = "Paula Leite";
				TargetAttributes = {
					1EA5941624773BF2007FCBE7 = {
						CreatedOnToolsVersion = 11.5;
					};
				};
			};
			buildConfigurationList = 1EA5941224773BF2007FCBE7 /* Build configuration list for PBXProject "Porting" */;
			compatibilityVersion = "Xcode 9.3";
			developmentRegion = en;
			hasScannedForEncodings = 0;
			knownRegions = (
				en,
				Base,
			);
			mainGroup = 1EA5940E24773BF2007FCBE7;
			productRefGroup = 1EA5941824773BF2007FCBE7 /* Products */;
			projectDirPath = "";
			projectRoot = "";
			targets = (
				1EA5941624773BF2007FCBE7 /* Porting */,
			);
		};
/* End PBXProject section */

/* Begin PBXResourcesBuildPhase section */
		1EA5941524773BF2007FCBE7 /* Resources */ = {
			isa = PBXResourcesBuildPhase;
			buildActionMask = 2147483647;
			files = (
				1E2570DF24814EDB0041EA1A /* ComingToBrazil.m4a in Resources */,
				1E2570E024814EDB0041EA1A /* FoodBrazil.m4a in Resources */,
				1E2570E124814EDB0041EA1A /* OandA.m4a in Resources */,
				2256F475247A0C780063A47A /* DitadoTableViewController.xib in Resources */,
				328223FA2478AC72008429F0 /* ExerciseViewController.xib in Resources */,
				1EA5942724773BF4007FCBE7 /* LaunchScreen.storyboard in Resources */,
				2256F471247A0C010063A47A /* DitadoTableViewCell.xib in Resources */,
				3225D403247E0D1200EF1188 /* VoiceExerciseViewController.xib in Resources */,
				1EA5942424773BF4007FCBE7 /* Assets.xcassets in Resources */,
				C05DB455247DF6BE006AB7DC /* ARSessionViewController.xib in Resources */,
				1EA5942224773BF3007FCBE7 /* Main.storyboard in Resources */,
				328223F22478984E008429F0 /* HomeViewController.xib in Resources */,
				328223FC2478B7EA008429F0 /* SelectionView.xib in Resources */,
			);
			runOnlyForDeploymentPostprocessing = 0;
		};
/* End PBXResourcesBuildPhase section */

/* Begin PBXSourcesBuildPhase section */
		1EA5941324773BF2007FCBE7 /* Sources */ = {
			isa = PBXSourcesBuildPhase;
			buildActionMask = 2147483647;
			files = (
				2256F4682479FAFA0063A47A /* ButtonHome.swift in Sources */,
				1EA5941F24773BF3007FCBE7 /* ViewController.swift in Sources */,
				2256F470247A0C010063A47A /* DitadoTableViewCell.swift in Sources */,
				1EA5941B24773BF3007FCBE7 /* AppDelegate.swift in Sources */,
				C05DB454247DF6BE006AB7DC /* ARSessionViewController.swift in Sources */,
				1EA5941D24773BF3007FCBE7 /* SceneDelegate.swift in Sources */,
				1EC6A989247A029900713CA8 /* Ditado.swift in Sources */,
				2256F474247A0C780063A47A /* DitadoTableViewController.swift in Sources */,
				328223F12478984E008429F0 /* HomeViewController.swift in Sources */,
				C05DB457247DF78E006AB7DC /* Porting.rcproject in Sources */,
				1EC6A98B247A041100713CA8 /* Audio.swift in Sources */,
				328223F92478AC72008429F0 /* ExerciseViewController.swift in Sources */,
				32AE453E248140D600E1043C /* AudioPlayer.swift in Sources */,
				328223F52478A981008429F0 /* SelectionView.swift in Sources */,
				3225D402247E0D1200EF1188 /* VoiceExerciseViewController.swift in Sources */,
			);
			runOnlyForDeploymentPostprocessing = 0;
		};
/* End PBXSourcesBuildPhase section */

/* Begin PBXVariantGroup section */
		1EA5942024773BF3007FCBE7 /* Main.storyboard */ = {
			isa = PBXVariantGroup;
			children = (
				1EA5942124773BF3007FCBE7 /* Base */,
			);
			name = Main.storyboard;
			sourceTree = "<group>";
		};
		1EA5942524773BF4007FCBE7 /* LaunchScreen.storyboard */ = {
			isa = PBXVariantGroup;
			children = (
				1EA5942624773BF4007FCBE7 /* Base */,
			);
			name = LaunchScreen.storyboard;
			sourceTree = "<group>";
		};
/* End PBXVariantGroup section */

/* Begin XCBuildConfiguration section */
		1EA5942924773BF4007FCBE7 /* Debug */ = {
			isa = XCBuildConfiguration;
			buildSettings = {
				ALWAYS_SEARCH_USER_PATHS = NO;
				CLANG_ANALYZER_NONNULL = YES;
				CLANG_ANALYZER_NUMBER_OBJECT_CONVERSION = YES_AGGRESSIVE;
				CLANG_CXX_LANGUAGE_STANDARD = "gnu++14";
				CLANG_CXX_LIBRARY = "libc++";
				CLANG_ENABLE_MODULES = YES;
				CLANG_ENABLE_OBJC_ARC = YES;
				CLANG_ENABLE_OBJC_WEAK = YES;
				CLANG_WARN_BLOCK_CAPTURE_AUTORELEASING = YES;
				CLANG_WARN_BOOL_CONVERSION = YES;
				CLANG_WARN_COMMA = YES;
				CLANG_WARN_CONSTANT_CONVERSION = YES;
				CLANG_WARN_DEPRECATED_OBJC_IMPLEMENTATIONS = YES;
				CLANG_WARN_DIRECT_OBJC_ISA_USAGE = YES_ERROR;
				CLANG_WARN_DOCUMENTATION_COMMENTS = YES;
				CLANG_WARN_EMPTY_BODY = YES;
				CLANG_WARN_ENUM_CONVERSION = YES;
				CLANG_WARN_INFINITE_RECURSION = YES;
				CLANG_WARN_INT_CONVERSION = YES;
				CLANG_WARN_NON_LITERAL_NULL_CONVERSION = YES;
				CLANG_WARN_OBJC_IMPLICIT_RETAIN_SELF = YES;
				CLANG_WARN_OBJC_LITERAL_CONVERSION = YES;
				CLANG_WARN_OBJC_ROOT_CLASS = YES_ERROR;
				CLANG_WARN_RANGE_LOOP_ANALYSIS = YES;
				CLANG_WARN_STRICT_PROTOTYPES = YES;
				CLANG_WARN_SUSPICIOUS_MOVE = YES;
				CLANG_WARN_UNGUARDED_AVAILABILITY = YES_AGGRESSIVE;
				CLANG_WARN_UNREACHABLE_CODE = YES;
				CLANG_WARN__DUPLICATE_METHOD_MATCH = YES;
				COPY_PHASE_STRIP = NO;
				DEBUG_INFORMATION_FORMAT = dwarf;
				ENABLE_STRICT_OBJC_MSGSEND = YES;
				ENABLE_TESTABILITY = YES;
				GCC_C_LANGUAGE_STANDARD = gnu11;
				GCC_DYNAMIC_NO_PIC = NO;
				GCC_NO_COMMON_BLOCKS = YES;
				GCC_OPTIMIZATION_LEVEL = 0;
				GCC_PREPROCESSOR_DEFINITIONS = (
					"DEBUG=1",
					"$(inherited)",
				);
				GCC_WARN_64_TO_32_BIT_CONVERSION = YES;
				GCC_WARN_ABOUT_RETURN_TYPE = YES_ERROR;
				GCC_WARN_UNDECLARED_SELECTOR = YES;
				GCC_WARN_UNINITIALIZED_AUTOS = YES_AGGRESSIVE;
				GCC_WARN_UNUSED_FUNCTION = YES;
				GCC_WARN_UNUSED_VARIABLE = YES;
				IPHONEOS_DEPLOYMENT_TARGET = 13.4;
				MTL_ENABLE_DEBUG_INFO = INCLUDE_SOURCE;
				MTL_FAST_MATH = YES;
				ONLY_ACTIVE_ARCH = YES;
				SDKROOT = iphoneos;
				SWIFT_ACTIVE_COMPILATION_CONDITIONS = DEBUG;
				SWIFT_OPTIMIZATION_LEVEL = "-Onone";
			};
			name = Debug;
		};
		1EA5942A24773BF4007FCBE7 /* Release */ = {
			isa = XCBuildConfiguration;
			buildSettings = {
				ALWAYS_SEARCH_USER_PATHS = NO;
				CLANG_ANALYZER_NONNULL = YES;
				CLANG_ANALYZER_NUMBER_OBJECT_CONVERSION = YES_AGGRESSIVE;
				CLANG_CXX_LANGUAGE_STANDARD = "gnu++14";
				CLANG_CXX_LIBRARY = "libc++";
				CLANG_ENABLE_MODULES = YES;
				CLANG_ENABLE_OBJC_ARC = YES;
				CLANG_ENABLE_OBJC_WEAK = YES;
				CLANG_WARN_BLOCK_CAPTURE_AUTORELEASING = YES;
				CLANG_WARN_BOOL_CONVERSION = YES;
				CLANG_WARN_COMMA = YES;
				CLANG_WARN_CONSTANT_CONVERSION = YES;
				CLANG_WARN_DEPRECATED_OBJC_IMPLEMENTATIONS = YES;
				CLANG_WARN_DIRECT_OBJC_ISA_USAGE = YES_ERROR;
				CLANG_WARN_DOCUMENTATION_COMMENTS = YES;
				CLANG_WARN_EMPTY_BODY = YES;
				CLANG_WARN_ENUM_CONVERSION = YES;
				CLANG_WARN_INFINITE_RECURSION = YES;
				CLANG_WARN_INT_CONVERSION = YES;
				CLANG_WARN_NON_LITERAL_NULL_CONVERSION = YES;
				CLANG_WARN_OBJC_IMPLICIT_RETAIN_SELF = YES;
				CLANG_WARN_OBJC_LITERAL_CONVERSION = YES;
				CLANG_WARN_OBJC_ROOT_CLASS = YES_ERROR;
				CLANG_WARN_RANGE_LOOP_ANALYSIS = YES;
				CLANG_WARN_STRICT_PROTOTYPES = YES;
				CLANG_WARN_SUSPICIOUS_MOVE = YES;
				CLANG_WARN_UNGUARDED_AVAILABILITY = YES_AGGRESSIVE;
				CLANG_WARN_UNREACHABLE_CODE = YES;
				CLANG_WARN__DUPLICATE_METHOD_MATCH = YES;
				COPY_PHASE_STRIP = NO;
				DEBUG_INFORMATION_FORMAT = "dwarf-with-dsym";
				ENABLE_NS_ASSERTIONS = NO;
				ENABLE_STRICT_OBJC_MSGSEND = YES;
				GCC_C_LANGUAGE_STANDARD = gnu11;
				GCC_NO_COMMON_BLOCKS = YES;
				GCC_WARN_64_TO_32_BIT_CONVERSION = YES;
				GCC_WARN_ABOUT_RETURN_TYPE = YES_ERROR;
				GCC_WARN_UNDECLARED_SELECTOR = YES;
				GCC_WARN_UNINITIALIZED_AUTOS = YES_AGGRESSIVE;
				GCC_WARN_UNUSED_FUNCTION = YES;
				GCC_WARN_UNUSED_VARIABLE = YES;
				IPHONEOS_DEPLOYMENT_TARGET = 13.4;
				MTL_ENABLE_DEBUG_INFO = NO;
				MTL_FAST_MATH = YES;
				SDKROOT = iphoneos;
				SWIFT_COMPILATION_MODE = wholemodule;
				SWIFT_OPTIMIZATION_LEVEL = "-O";
				VALIDATE_PRODUCT = YES;
			};
			name = Release;
		};
		1EA5942C24773BF5007FCBE7 /* Debug */ = {
			isa = XCBuildConfiguration;
			buildSettings = {
				ASSETCATALOG_COMPILER_APPICON_NAME = AppIcon;
				CODE_SIGN_STYLE = Automatic;
				DEVELOPMENT_TEAM = DHAN829484;
				INFOPLIST_FILE = Porting/Info.plist;
				IPHONEOS_DEPLOYMENT_TARGET = 13.5;
				LD_RUNPATH_SEARCH_PATHS = (
					"$(inherited)",
					"@executable_path/Frameworks",
				);
				PRODUCT_BUNDLE_IDENTIFIER = ptl.Porting;
				PRODUCT_NAME = "$(TARGET_NAME)";
				SWIFT_VERSION = 5.0;
				TARGETED_DEVICE_FAMILY = "1,2";
			};
			name = Debug;
		};
		1EA5942D24773BF5007FCBE7 /* Release */ = {
			isa = XCBuildConfiguration;
			buildSettings = {
				ASSETCATALOG_COMPILER_APPICON_NAME = AppIcon;
				CODE_SIGN_STYLE = Automatic;
				DEVELOPMENT_TEAM = DHAN829484;
				INFOPLIST_FILE = Porting/Info.plist;
				IPHONEOS_DEPLOYMENT_TARGET = 13.5;
				LD_RUNPATH_SEARCH_PATHS = (
					"$(inherited)",
					"@executable_path/Frameworks",
				);
				PRODUCT_BUNDLE_IDENTIFIER = ptl.Porting;
				PRODUCT_NAME = "$(TARGET_NAME)";
				SWIFT_VERSION = 5.0;
				TARGETED_DEVICE_FAMILY = "1,2";
			};
			name = Release;
		};
/* End XCBuildConfiguration section */

/* Begin XCConfigurationList section */
		1EA5941224773BF2007FCBE7 /* Build configuration list for PBXProject "Porting" */ = {
			isa = XCConfigurationList;
			buildConfigurations = (
				1EA5942924773BF4007FCBE7 /* Debug */,
				1EA5942A24773BF4007FCBE7 /* Release */,
			);
			defaultConfigurationIsVisible = 0;
			defaultConfigurationName = Release;
		};
		1EA5942B24773BF5007FCBE7 /* Build configuration list for PBXNativeTarget "Porting" */ = {
			isa = XCConfigurationList;
			buildConfigurations = (
				1EA5942C24773BF5007FCBE7 /* Debug */,
				1EA5942D24773BF5007FCBE7 /* Release */,
			);
			defaultConfigurationIsVisible = 0;
			defaultConfigurationName = Release;
		};
/* End XCConfigurationList section */
	};
	rootObject = 1EA5940F24773BF2007FCBE7 /* Project object */;
}
